Microsoft Visual Studio Solution File, Format Version 12.00
# Visual Studio Version 16
VisualStudioVersion = 16.0.30114.105
MinimumVisualStudioVersion = 10.0.40219.1
Project("{FAE04EC0-301F-11D3-BF4B-00C04F79EFBC}") = "ProjectOrigin.VerifiableEventStore.Tests", "test\ProjectOrigin.VerifiableEventStore.Tests\ProjectOrigin.VerifiableEventStore.Tests.csproj", "{5364EBE0-1AD3-4C1C-9D1A-F90583D48DB5}"
EndProject
Project("{FAE04EC0-301F-11D3-BF4B-00C04F79EFBC}") = "ProjectOrigin.VerifiableEventStore.ConcordiumIntegrationTests", "test\ProjectOrigin.VerifiableEventStore.ConcordiumIntegrationTests\ProjectOrigin.VerifiableEventStore.ConcordiumIntegrationTests.csproj", "{B5DAEBAB-6196-469E-9A45-A989907D3A3D}"
EndProject
Project("{FAE04EC0-301F-11D3-BF4B-00C04F79EFBC}") = "ProjectOrigin.Registry", "src\ProjectOrigin.Registry\ProjectOrigin.Registry.csproj", "{EC541F55-C0A9-4694-A902-B41026E9AC73}"
EndProject
Project("{FAE04EC0-301F-11D3-BF4B-00C04F79EFBC}") = "ProjectOrigin.Registry.IntegrationTests", "test\ProjectOrigin.Registry.IntegrationTests\ProjectOrigin.Registry.IntegrationTests.csproj", "{0C7EF78A-5D77-4B04-BDC4-EBE2C5F179AA}"
EndProject
Project("{FAE04EC0-301F-11D3-BF4B-00C04F79EFBC}") = "ProjectOrigin.TestUtils", "test\ProjectOrigin.TestUtils\ProjectOrigin.TestUtils.csproj", "{C65249D6-1C33-4FD1-8E43-8B09E10BACA5}"
EndProject
Project("{FAE04EC0-301F-11D3-BF4B-00C04F79EFBC}") = "ProjectOrigin.Registry.ChartTests", "test\ProjectOrigin.Registry.ChartTests\ProjectOrigin.Registry.ChartTests.csproj", "{B721AFE2-796B-4A10-86F0-18D29ED9BE88}"
EndProject
Global
	GlobalSection(SolutionConfigurationPlatforms) = preSolution
		Debug|Any CPU = Debug|Any CPU
		Release|Any CPU = Release|Any CPU
	EndGlobalSection
	GlobalSection(SolutionProperties) = preSolution
		HideSolutionNode = FALSE
	EndGlobalSection
	GlobalSection(ProjectConfigurationPlatforms) = postSolution
		{5364EBE0-1AD3-4C1C-9D1A-F90583D48DB5}.Debug|Any CPU.ActiveCfg = Debug|Any CPU
		{5364EBE0-1AD3-4C1C-9D1A-F90583D48DB5}.Debug|Any CPU.Build.0 = Debug|Any CPU
		{5364EBE0-1AD3-4C1C-9D1A-F90583D48DB5}.Release|Any CPU.ActiveCfg = Release|Any CPU
		{5364EBE0-1AD3-4C1C-9D1A-F90583D48DB5}.Release|Any CPU.Build.0 = Release|Any CPU
		{B5DAEBAB-6196-469E-9A45-A989907D3A3D}.Debug|Any CPU.ActiveCfg = Debug|Any CPU
		{B5DAEBAB-6196-469E-9A45-A989907D3A3D}.Debug|Any CPU.Build.0 = Debug|Any CPU
		{B5DAEBAB-6196-469E-9A45-A989907D3A3D}.Release|Any CPU.ActiveCfg = Release|Any CPU
		{B5DAEBAB-6196-469E-9A45-A989907D3A3D}.Release|Any CPU.Build.0 = Release|Any CPU
		{EC541F55-C0A9-4694-A902-B41026E9AC73}.Debug|Any CPU.ActiveCfg = Debug|Any CPU
		{EC541F55-C0A9-4694-A902-B41026E9AC73}.Debug|Any CPU.Build.0 = Debug|Any CPU
		{EC541F55-C0A9-4694-A902-B41026E9AC73}.Release|Any CPU.ActiveCfg = Release|Any CPU
		{EC541F55-C0A9-4694-A902-B41026E9AC73}.Release|Any CPU.Build.0 = Release|Any CPU
		{0C7EF78A-5D77-4B04-BDC4-EBE2C5F179AA}.Debug|Any CPU.ActiveCfg = Debug|Any CPU
		{0C7EF78A-5D77-4B04-BDC4-EBE2C5F179AA}.Debug|Any CPU.Build.0 = Debug|Any CPU
		{0C7EF78A-5D77-4B04-BDC4-EBE2C5F179AA}.Release|Any CPU.ActiveCfg = Release|Any CPU
		{0C7EF78A-5D77-4B04-BDC4-EBE2C5F179AA}.Release|Any CPU.Build.0 = Release|Any CPU
		{C65249D6-1C33-4FD1-8E43-8B09E10BACA5}.Debug|Any CPU.ActiveCfg = Debug|Any CPU
		{C65249D6-1C33-4FD1-8E43-8B09E10BACA5}.Debug|Any CPU.Build.0 = Debug|Any CPU
		{C65249D6-1C33-4FD1-8E43-8B09E10BACA5}.Release|Any CPU.ActiveCfg = Release|Any CPU
		{C65249D6-1C33-4FD1-8E43-8B09E10BACA5}.Release|Any CPU.Build.0 = Release|Any CPU
		{B721AFE2-796B-4A10-86F0-18D29ED9BE88}.Debug|Any CPU.ActiveCfg = Debug|Any CPU
		{B721AFE2-796B-4A10-86F0-18D29ED9BE88}.Debug|Any CPU.Build.0 = Debug|Any CPU
		{B721AFE2-796B-4A10-86F0-18D29ED9BE88}.Release|Any CPU.ActiveCfg = Release|Any CPU
		{B721AFE2-796B-4A10-86F0-18D29ED9BE88}.Release|Any CPU.Build.0 = Release|Any CPU
	EndGlobalSection
EndGlobal
