dependencies:
- name: redis
  repository: https://charts.bitnami.com/bitnami
  digest: sha256:71c9263884ab0119ef79ccc8624ab32b14e5e57f7042661de406a412c97b6ad1
  generated: "2024-09-09T09:16:09.689666127Z"
  version: 20.1.0
- name: concordium
  repository: file://../concordium
  version: 0.1.0
digest: sha256:7b5c1be3e50c007a5715b0cac46da907f5cb0a1fe043ccea7d9a20f426941a98
generated: "2024-08-23T12:03:50.060042295Z"
