
Microsoft Visual Studio Solution File, Format Version 12.00
# Visual Studio Version 16
VisualStudioVersion = 16.0.30114.105
MinimumVisualStudioVersion = 10.0.40219.1
Project("{FAE04EC0-301F-11D3-BF4B-00C04F79EFBC}") = "ProjectOrigin.PedersenCommitment", "ProjectOrigin.PedersenCommitment\ProjectOrigin.PedersenCommitment.csproj", "{0A0F1082-9AF8-4A64-8494-4C9C87291421}"
EndProject
Project("{FAE04EC0-301F-11D3-BF4B-00C04F79EFBC}") = "ProjectOrigin.PedersenCommitment.Tests", "ProjectOrigin.PedersenCommitment.Tests\ProjectOrigin.PedersenCommitment.Tests.csproj", "{FDA069D8-E8FE-465E-A11E-77BC15E4EB2A}"
EndProject
Global
	GlobalSection(SolutionConfigurationPlatforms) = preSolution
		Debug|Any CPU = Debug|Any CPU
		Release|Any CPU = Release|Any CPU
	EndGlobalSection
	GlobalSection(SolutionProperties) = preSolution
		HideSolutionNode = FALSE
	EndGlobalSection
	GlobalSection(ProjectConfigurationPlatforms) = postSolution
		{0A0F1082-9AF8-4A64-8494-4C9C87291421}.Debug|Any CPU.ActiveCfg = Debug|Any CPU
		{0A0F1082-9AF8-4A64-8494-4C9C87291421}.Debug|Any CPU.Build.0 = Debug|Any CPU
		{0A0F1082-9AF8-4A64-8494-4C9C87291421}.Release|Any CPU.ActiveCfg = Release|Any CPU
		{0A0F1082-9AF8-4A64-8494-4C9C87291421}.Release|Any CPU.Build.0 = Release|Any CPU
		{FDA069D8-E8FE-465E-A11E-77BC15E4EB2A}.Debug|Any CPU.ActiveCfg = Debug|Any CPU
		{FDA069D8-E8FE-465E-A11E-77BC15E4EB2A}.Debug|Any CPU.Build.0 = Debug|Any CPU
		{FDA069D8-E8FE-465E-A11E-77BC15E4EB2A}.Release|Any CPU.ActiveCfg = Release|Any CPU
		{FDA069D8-E8FE-465E-A11E-77BC15E4EB2A}.Release|Any CPU.Build.0 = Release|Any CPU
	EndGlobalSection
EndGlobal
