Microsoft Visual Studio Solution File, Format Version 12.00
# Visual Studio Version 16
VisualStudioVersion = 16.0.30114.105
MinimumVisualStudioVersion = 10.0.40219.1
Project("{FAE04EC0-301F-11D3-BF4B-00C04F79EFBC}") = "ProjectOrigin.VerifiableEventStore", "ProjectOrigin.VerifiableEventStore\ProjectOrigin.VerifiableEventStore.csproj", "{08F84068-CF3C-47B2-ADC5-A1BCDF497EE7}"
EndProject
Project("{FAE04EC0-301F-11D3-BF4B-00C04F79EFBC}") = "ProjectOrigin.VerifiableEventStore.Tests", "ProjectOrigin.VerifiableEventStore.Tests\ProjectOrigin.VerifiableEventStore.Tests.csproj", "{5364EBE0-1AD3-4C1C-9D1A-F90583D48DB5}"
EndProject
Project("{FAE04EC0-301F-11D3-BF4B-00C04F79EFBC}") = "ProjectOrigin.VerifiableEventStore.ConcordiumIntegrationTests", "ProjectOrigin.VerifiableEventStore.ConcordiumIntegrationTests\ProjectOrigin.VerifiableEventStore.ConcordiumIntegrationTests.csproj", "{B5DAEBAB-6196-469E-9A45-A989907D3A3D}"
EndProject
Project("{FAE04EC0-301F-11D3-BF4B-00C04F79EFBC}") = "ProjectOrigin.Registry.Server", "ProjectOrigin.Registry.Server\ProjectOrigin.Registry.Server.csproj", "{EC541F55-C0A9-4694-A902-B41026E9AC73}"
EndProject
Project("{FAE04EC0-301F-11D3-BF4B-00C04F79EFBC}") = "ProjectOrigin.Registry.IntegrationTests", "ProjectOrigin.Registry.IntegrationTests\ProjectOrigin.Registry.IntegrationTests.csproj", "{0C7EF78A-5D77-4B04-BDC4-EBE2C5F179AA}"
EndProject
Project("{FAE04EC0-301F-11D3-BF4B-00C04F79EFBC}") = "ProjectOrigin.Electricity.Server", "ProjectOrigin.Electricity.Server\ProjectOrigin.Electricity.Server.csproj", "{401E3E53-9CA1-46B5-BEA4-DCBE662ADF7C}"
EndProject
Project("{FAE04EC0-301F-11D3-BF4B-00C04F79EFBC}") = "ProjectOrigin.Electricity.Tests", "ProjectOrigin.Electricity.Tests\ProjectOrigin.Electricity.Tests.csproj", "{4910B564-4DCF-4AC4-AA5B-4A404A905962}"
EndProject
Project("{FAE04EC0-301F-11D3-BF4B-00C04F79EFBC}") = "ProjectOrigin.Electricity.IntegrationTests", "ProjectOrigin.Electricity.IntegrationTests\ProjectOrigin.Electricity.IntegrationTests.csproj", "{722C4B5E-D7DD-4D5B-B2FD-C94F14881E89}"
EndProject
Project("{FAE04EC0-301F-11D3-BF4B-00C04F79EFBC}") = "ProjectOrigin.TestUtils", "ProjectOrigin.TestUtils\ProjectOrigin.TestUtils.csproj", "{C65249D6-1C33-4FD1-8E43-8B09E10BACA5}"
EndProject
Project("{FAE04EC0-301F-11D3-BF4B-00C04F79EFBC}") = "ProjectOrigin.Electricity.Example", "ProjectOrigin.Electricity.Example\ProjectOrigin.Electricity.Example.csproj", "{C0BF3E85-BF19-413C-986F-C15895C740FC}"
EndProject
Global
	GlobalSection(SolutionConfigurationPlatforms) = preSolution
		Debug|Any CPU = Debug|Any CPU
		Release|Any CPU = Release|Any CPU
	EndGlobalSection
	GlobalSection(SolutionProperties) = preSolution
		HideSolutionNode = FALSE
	EndGlobalSection
	GlobalSection(ProjectConfigurationPlatforms) = postSolution
		{08F84068-CF3C-47B2-ADC5-A1BCDF497EE7}.Debug|Any CPU.ActiveCfg = Debug|Any CPU
		{08F84068-CF3C-47B2-ADC5-A1BCDF497EE7}.Debug|Any CPU.Build.0 = Debug|Any CPU
		{08F84068-CF3C-47B2-ADC5-A1BCDF497EE7}.Release|Any CPU.ActiveCfg = Release|Any CPU
		{08F84068-CF3C-47B2-ADC5-A1BCDF497EE7}.Release|Any CPU.Build.0 = Release|Any CPU
		{5364EBE0-1AD3-4C1C-9D1A-F90583D48DB5}.Debug|Any CPU.ActiveCfg = Debug|Any CPU
		{5364EBE0-1AD3-4C1C-9D1A-F90583D48DB5}.Debug|Any CPU.Build.0 = Debug|Any CPU
		{5364EBE0-1AD3-4C1C-9D1A-F90583D48DB5}.Release|Any CPU.ActiveCfg = Release|Any CPU
		{5364EBE0-1AD3-4C1C-9D1A-F90583D48DB5}.Release|Any CPU.Build.0 = Release|Any CPU
		{B5DAEBAB-6196-469E-9A45-A989907D3A3D}.Debug|Any CPU.ActiveCfg = Debug|Any CPU
		{B5DAEBAB-6196-469E-9A45-A989907D3A3D}.Debug|Any CPU.Build.0 = Debug|Any CPU
		{B5DAEBAB-6196-469E-9A45-A989907D3A3D}.Release|Any CPU.ActiveCfg = Release|Any CPU
		{B5DAEBAB-6196-469E-9A45-A989907D3A3D}.Release|Any CPU.Build.0 = Release|Any CPU
		{EC541F55-C0A9-4694-A902-B41026E9AC73}.Debug|Any CPU.ActiveCfg = Debug|Any CPU
		{EC541F55-C0A9-4694-A902-B41026E9AC73}.Debug|Any CPU.Build.0 = Debug|Any CPU
		{EC541F55-C0A9-4694-A902-B41026E9AC73}.Release|Any CPU.ActiveCfg = Release|Any CPU
		{EC541F55-C0A9-4694-A902-B41026E9AC73}.Release|Any CPU.Build.0 = Release|Any CPU
		{0C7EF78A-5D77-4B04-BDC4-EBE2C5F179AA}.Debug|Any CPU.ActiveCfg = Debug|Any CPU
		{0C7EF78A-5D77-4B04-BDC4-EBE2C5F179AA}.Debug|Any CPU.Build.0 = Debug|Any CPU
		{0C7EF78A-5D77-4B04-BDC4-EBE2C5F179AA}.Release|Any CPU.ActiveCfg = Release|Any CPU
		{0C7EF78A-5D77-4B04-BDC4-EBE2C5F179AA}.Release|Any CPU.Build.0 = Release|Any CPU
		{401E3E53-9CA1-46B5-BEA4-DCBE662ADF7C}.Debug|Any CPU.ActiveCfg = Debug|Any CPU
		{401E3E53-9CA1-46B5-BEA4-DCBE662ADF7C}.Debug|Any CPU.Build.0 = Debug|Any CPU
		{401E3E53-9CA1-46B5-BEA4-DCBE662ADF7C}.Release|Any CPU.ActiveCfg = Release|Any CPU
		{401E3E53-9CA1-46B5-BEA4-DCBE662ADF7C}.Release|Any CPU.Build.0 = Release|Any CPU
		{4910B564-4DCF-4AC4-AA5B-4A404A905962}.Debug|Any CPU.ActiveCfg = Debug|Any CPU
		{4910B564-4DCF-4AC4-AA5B-4A404A905962}.Debug|Any CPU.Build.0 = Debug|Any CPU
		{4910B564-4DCF-4AC4-AA5B-4A404A905962}.Release|Any CPU.ActiveCfg = Release|Any CPU
		{4910B564-4DCF-4AC4-AA5B-4A404A905962}.Release|Any CPU.Build.0 = Release|Any CPU
		{722C4B5E-D7DD-4D5B-B2FD-C94F14881E89}.Debug|Any CPU.ActiveCfg = Debug|Any CPU
		{722C4B5E-D7DD-4D5B-B2FD-C94F14881E89}.Debug|Any CPU.Build.0 = Debug|Any CPU
		{722C4B5E-D7DD-4D5B-B2FD-C94F14881E89}.Release|Any CPU.ActiveCfg = Release|Any CPU
		{722C4B5E-D7DD-4D5B-B2FD-C94F14881E89}.Release|Any CPU.Build.0 = Release|Any CPU
		{C65249D6-1C33-4FD1-8E43-8B09E10BACA5}.Debug|Any CPU.ActiveCfg = Debug|Any CPU
		{C65249D6-1C33-4FD1-8E43-8B09E10BACA5}.Debug|Any CPU.Build.0 = Debug|Any CPU
		{C65249D6-1C33-4FD1-8E43-8B09E10BACA5}.Release|Any CPU.ActiveCfg = Release|Any CPU
		{C65249D6-1C33-4FD1-8E43-8B09E10BACA5}.Release|Any CPU.Build.0 = Release|Any CPU
		{C0BF3E85-BF19-413C-986F-C15895C740FC}.Debug|Any CPU.ActiveCfg = Debug|Any CPU
		{C0BF3E85-BF19-413C-986F-C15895C740FC}.Debug|Any CPU.Build.0 = Debug|Any CPU
		{C0BF3E85-BF19-413C-986F-C15895C740FC}.Release|Any CPU.ActiveCfg = Release|Any CPU
		{C0BF3E85-BF19-413C-986F-C15895C740FC}.Release|Any CPU.Build.0 = Release|Any CPU
	EndGlobalSection
EndGlobal
